
Microsoft Visual Studio Solution File, Format Version 12.00
# Visual Studio 15
VisualStudioVersion = 15.0.28307.136
MinimumVisualStudioVersion = 10.0.40219.1
Project("{8BC9CEB8-8B4A-11D0-8D11-00A0C91BC942}") = "P1553 数字反转（升级版）", "P1553 数字反转（升级版）\P1553 数字反转（升级版）.vcxproj", "{ACD17101-DE60-40A2-BC2E-A70C47626F4D}"
EndProject
Global
	GlobalSection(SolutionConfigurationPlatforms) = preSolution
		Debug|x64 = Debug|x64
		Debug|x86 = Debug|x86
		Release|x64 = Release|x64
		Release|x86 = Release|x86
	EndGlobalSection
	GlobalSection(ProjectConfigurationPlatforms) = postSolution
		{ACD17101-DE60-40A2-BC2E-A70C47626F4D}.Debug|x64.ActiveCfg = Debug|x64
		{ACD17101-DE60-40A2-BC2E-A70C47626F4D}.Debug|x64.Build.0 = Debug|x64
		{ACD17101-DE60-40A2-BC2E-A70C47626F4D}.Debug|x86.ActiveCfg = Debug|Win32
		{ACD17101-DE60-40A2-BC2E-A70C47626F4D}.Debug|x86.Build.0 = Debug|Win32
		{ACD17101-DE60-40A2-BC2E-A70C47626F4D}.Release|x64.ActiveCfg = Release|x64
		{ACD17101-DE60-40A2-BC2E-A70C47626F4D}.Release|x64.Build.0 = Release|x64
		{ACD17101-DE60-40A2-BC2E-A70C47626F4D}.Release|x86.ActiveCfg = Release|Win32
		{ACD17101-DE60-40A2-BC2E-A70C47626F4D}.Release|x86.Build.0 = Release|Win32
	EndGlobalSection
	GlobalSection(SolutionProperties) = preSolution
		HideSolutionNode = FALSE
	EndGlobalSection
	GlobalSection(ExtensibilityGlobals) = postSolution
		SolutionGuid = {52EE7D25-9ED7-46B2-8C00-02AC04DB94E2}
	EndGlobalSection
EndGlobal
