
Microsoft Visual Studio Solution File, Format Version 12.00
# Visual Studio 15
VisualStudioVersion = 15.0.28307.106
MinimumVisualStudioVersion = 10.0.40219.1
Project("{8BC9CEB8-8B4A-11D0-8D11-00A0C91BC942}") = "P1308 统计单词数", "P1308 统计单词数\P1308 统计单词数.vcxproj", "{2CFA4FB9-85F4-4115-9601-2B41163E550B}"
EndProject
Global
	GlobalSection(SolutionConfigurationPlatforms) = preSolution
		Debug|x64 = Debug|x64
		Debug|x86 = Debug|x86
		Release|x64 = Release|x64
		Release|x86 = Release|x86
	EndGlobalSection
	GlobalSection(ProjectConfigurationPlatforms) = postSolution
		{2CFA4FB9-85F4-4115-9601-2B41163E550B}.Debug|x64.ActiveCfg = Debug|x64
		{2CFA4FB9-85F4-4115-9601-2B41163E550B}.Debug|x64.Build.0 = Debug|x64
		{2CFA4FB9-85F4-4115-9601-2B41163E550B}.Debug|x86.ActiveCfg = Debug|Win32
		{2CFA4FB9-85F4-4115-9601-2B41163E550B}.Debug|x86.Build.0 = Debug|Win32
		{2CFA4FB9-85F4-4115-9601-2B41163E550B}.Release|x64.ActiveCfg = Release|x64
		{2CFA4FB9-85F4-4115-9601-2B41163E550B}.Release|x64.Build.0 = Release|x64
		{2CFA4FB9-85F4-4115-9601-2B41163E550B}.Release|x86.ActiveCfg = Release|Win32
		{2CFA4FB9-85F4-4115-9601-2B41163E550B}.Release|x86.Build.0 = Release|Win32
	EndGlobalSection
	GlobalSection(SolutionProperties) = preSolution
		HideSolutionNode = FALSE
	EndGlobalSection
	GlobalSection(ExtensibilityGlobals) = postSolution
		SolutionGuid = {FAB2341B-ACC7-4F48-A486-E06E56B8C237}
	EndGlobalSection
EndGlobal
